
Microsoft Visual Studio Solution File, Format Version 12.00
# Visual Studio Version 17
VisualStudioVersion = 17.1.32319.34
MinimumVisualStudioVersion = 10.0.40219.1
Project("{FAE04EC0-301F-11D3-BF4B-00C04F79EFBC}") = "ChatApp Realisierung", "ChatApp Realisierung.csproj", "{AEB05372-39CC-4097-96E8-B4D08EE04B6C}"
EndProject
Global
	GlobalSection(SolutionConfigurationPlatforms) = preSolution
		Debug|Any CPU = Debug|Any CPU
		Release|Any CPU = Release|Any CPU
	EndGlobalSection
	GlobalSection(ProjectConfigurationPlatforms) = postSolution
		{AEB05372-39CC-4097-96E8-B4D08EE04B6C}.Debug|Any CPU.ActiveCfg = Debug|Any CPU
		{AEB05372-39CC-4097-96E8-B4D08EE04B6C}.Debug|Any CPU.Build.0 = Debug|Any CPU
		{AEB05372-39CC-4097-96E8-B4D08EE04B6C}.Release|Any CPU.ActiveCfg = Release|Any CPU
		{AEB05372-39CC-4097-96E8-B4D08EE04B6C}.Release|Any CPU.Build.0 = Release|Any CPU
	EndGlobalSection
	GlobalSection(SolutionProperties) = preSolution
		HideSolutionNode = FALSE
	EndGlobalSection
	GlobalSection(ExtensibilityGlobals) = postSolution
		SolutionGuid = {2BD56C91-5FEA-417B-AADF-A87629F8E671}
	EndGlobalSection
EndGlobal
